<?xml version="1.0" encoding="UTF-8" standalone="yes" ?>
<CodeBlocks_project_file>
	<FileVersion major="1" minor="6" />
	<Project>
		<Option title="Boletin_1" />
		<Option pch_mode="2" />
		<Option compiler="gcc" />
		<Option virtualFolders="ejercicio1/;ejercicio2/;ejercicio3/;tools/;" />
		<Build>
			<Target title="Debug">
				<Option output="bin/Debug/Boletin_1" prefix_auto="1" extension_auto="1" />
				<Option object_output="obj/Debug/" />
				<Option type="1" />
				<Option compiler="gcc" />
				<Compiler>
					<Add option="-g" />
				</Compiler>
			</Target>
			<Target title="Release">
				<Option output="bin/Release/Boletin_1" prefix_auto="1" extension_auto="1" />
				<Option object_output="obj/Release/" />
				<Option type="1" />
				<Option compiler="gcc" />
				<Compiler>
					<Add option="-O2" />
				</Compiler>
				<Linker>
					<Add option="-s" />
				</Linker>
			</Target>
		</Build>
		<Compiler>
			<Add option="-Wall" />
		</Compiler>
		<Unit filename="hashing_lineal.c">
			<Option compilerVar="CC" />
			<Option virtualFolder="ejercicio1/" />
		</Unit>
		<Unit filename="hashing_lineal.h">
			<Option virtualFolder="ejercicio1/" />
		</Unit>
		<Unit filename="hashing_lineal_controller.c">
			<Option compilerVar="CC" />
			<Option virtualFolder="ejercicio1/" />
		</Unit>
		<Unit filename="hashing_lineal_controller.h">
			<Option virtualFolder="ejercicio1/" />
		</Unit>
		<Unit filename="main.c">
			<Option compilerVar="CC" />
		</Unit>
		<Unit filename="model.h" />
		<Unit filename="readFile.c">
			<Option compilerVar="CC" />
			<Option virtualFolder="tools/" />
		</Unit>
		<Unit filename="readFile.h">
			<Option virtualFolder="tools/" />
		</Unit>
		<Extensions>
			<code_completion />
			<envvars />
			<debugger />
			<lib_finder disable_auto="1" />
		</Extensions>
	</Project>
</CodeBlocks_project_file>
